<?xml version="1.0" encoding="utf-8"?>
<Project ToolsVersion="4.0" xmlns="http://schemas.microsoft.com/developer/msbuild/2003">
  <ItemGroup>
    <Filter Include="Source Files">
      <UniqueIdentifier>{4FC737F1-C7A5-4376-A066-2A32D752A2FF}</UniqueIdentifier>
      <Extensions>cpp;c;cc;cxx;c++;cppm;ixx;def;odl;idl;hpj;bat;asm;asmx</Extensions>
    </Filter>
    <Filter Include="Header Files">
      <UniqueIdentifier>{93995380-89BD-4b04-88EB-625FBE52EBFB}</UniqueIdentifier>
      <Extensions>h;hh;hpp;hxx;h++;hm;inl;inc;ipp;xsd</Extensions>
    </Filter>
    <Filter Include="Resource Files">
      <UniqueIdentifier>{67DA6AB6-F800-4c08-8B7A-83BB121AAD01}</UniqueIdentifier>
      <Extensions>rc;ico;cur;bmp;dlg;rc2;rct;bin;rgs;gif;jpg;jpeg;jpe;resx;tiff;tif;png;wav;mfcribbon-ms</Extensions>
    </Filter>
    <Filter Include="Source Files\Window">
      <UniqueIdentifier>{07033697-f0bc-4357-aa8c-567e0db6faf6}</UniqueIdentifier>
    </Filter>
    <Filter Include="Source Files\EntitieStuff">
      <UniqueIdentifier>{f495386d-2b8e-4cac-a2c5-ccf1081f948e}</UniqueIdentifier>
    </Filter>
    <Filter Include="Source Files\EntitieStuff\ItemStuff">
      <UniqueIdentifier>{d8e7ca73-1427-4bb4-bb73-c570a7ba5eeb}</UniqueIdentifier>
    </Filter>
    <Filter Include="Header Files\EntitieStuff">
      <UniqueIdentifier>{858a7b07-23f3-4154-9f2b-1e1baeb14466}</UniqueIdentifier>
    </Filter>
    <Filter Include="Header Files\EntitieStuff\ItemStuff">
      <UniqueIdentifier>{d082fffd-69a9-4fd2-918d-49e195fbc358}</UniqueIdentifier>
    </Filter>
    <Filter Include="Header Files\Window">
      <UniqueIdentifier>{a38af4d9-af55-43e7-a573-fc4dc4dba277}</UniqueIdentifier>
    </Filter>
    <Filter Include="Source Files\Window\Controller">
      <UniqueIdentifier>{e63cef5a-15f3-4b11-9a92-2fba4fffca9b}</UniqueIdentifier>
    </Filter>
    <Filter Include="Source Files\Window\Assets">
      <UniqueIdentifier>{2c08dc5a-746d-472f-9918-8b4f031c1fd3}</UniqueIdentifier>
    </Filter>
    <Filter Include="Header Files\Window\Controller">
      <UniqueIdentifier>{9149a9a1-ffd2-49d7-af3f-7daee6684372}</UniqueIdentifier>
    </Filter>
    <Filter Include="Header Files\Window\Assets">
      <UniqueIdentifier>{aff0e9e5-1193-4a27-a20b-992caa38193d}</UniqueIdentifier>
    </Filter>
    <Filter Include="Source Files\Window\Szene">
      <UniqueIdentifier>{1938b974-a0f6-47c3-b3cc-400768fd0df1}</UniqueIdentifier>
    </Filter>
    <Filter Include="Header Files\Window\Szene">
      <UniqueIdentifier>{6d12d620-5b42-4dff-ae3c-816411fb45e4}</UniqueIdentifier>
    </Filter>
    <Filter Include="Header Files\Window\Szene\Menus">
      <UniqueIdentifier>{b2d877a0-b174-42bd-a483-d46220cd85d5}</UniqueIdentifier>
    </Filter>
    <Filter Include="Source Files\Window\Szene\Menus">
      <UniqueIdentifier>{492cc0f2-5b70-4931-b15e-4db4cee5e4df}</UniqueIdentifier>
    </Filter>
  </ItemGroup>
  <ItemGroup>
    <ClCompile Include="..\src\main.cpp">
      <Filter>Source Files</Filter>
    </ClCompile>
    <ClCompile Include="..\src\fps.cpp">
      <Filter>Source Files\Window</Filter>
    </ClCompile>
    <ClCompile Include="..\src\frame.cpp">
      <Filter>Source Files\Window</Filter>
    </ClCompile>
    <ClCompile Include="..\src\panel.cpp">
      <Filter>Source Files\Window</Filter>
    </ClCompile>
    <ClCompile Include="..\src\entitie.cpp">
      <Filter>Source Files\EntitieStuff</Filter>
    </ClCompile>
    <ClCompile Include="..\src\inventory.cpp">
      <Filter>Source Files\EntitieStuff</Filter>
    </ClCompile>
    <ClCompile Include="..\src\npc.cpp">
      <Filter>Source Files\EntitieStuff</Filter>
    </ClCompile>
    <ClCompile Include="..\src\player.cpp">
      <Filter>Source Files\EntitieStuff</Filter>
    </ClCompile>
    <ClCompile Include="..\src\item.cpp">
      <Filter>Source Files\EntitieStuff\ItemStuff</Filter>
    </ClCompile>
    <ClCompile Include="..\src\armor.cpp">
      <Filter>Source Files\EntitieStuff\ItemStuff</Filter>
    </ClCompile>
    <ClCompile Include="..\src\potion.cpp">
      <Filter>Source Files\EntitieStuff\ItemStuff</Filter>
    </ClCompile>
    <ClCompile Include="..\src\weapon.cpp">
      <Filter>Source Files\EntitieStuff\ItemStuff</Filter>
    </ClCompile>
    <ClCompile Include="..\src\asset_loader.cpp">
      <Filter>Source Files\Window\Assets</Filter>
    </ClCompile>
    <ClCompile Include="..\src\text.cpp">
      <Filter>Source Files\Window\Assets</Filter>
    </ClCompile>
    <ClCompile Include="..\src\input.cpp">
      <Filter>Source Files\Window\Controller</Filter>
    </ClCompile>
    <ClCompile Include="..\src\main_menu.cpp">
      <Filter>Source Files\Window\Szene</Filter>
    </ClCompile>
    <ClCompile Include="..\src\gameplay.cpp">
      <Filter>Source Files\Window\Szene</Filter>
    </ClCompile>
    <ClCompile Include="..\src\stats_menu.cpp">
      <Filter>Source Files\Window\Szene\Menus</Filter>
    </ClCompile>
    <ClCompile Include="..\src\menu.cpp">
      <Filter>Source Files\Window\Szene\Menus</Filter>
    </ClCompile>
    <ClCompile Include="..\src\tile_map.cpp">
      <Filter>Source Files\Window\Assets</Filter>
    </ClCompile>
  </ItemGroup>
  <ItemGroup>
    <ClInclude Include="..\include\panel.h">
      <Filter>Header Files\Window</Filter>
    </ClInclude>
    <ClInclude Include="..\include\frame.h">
      <Filter>Header Files\Window</Filter>
    </ClInclude>
    <ClInclude Include="..\include\entitie.h">
      <Filter>Header Files\EntitieStuff</Filter>
    </ClInclude>
    <ClInclude Include="..\include\inventory.h">
      <Filter>Header Files\EntitieStuff</Filter>
    </ClInclude>
    <ClInclude Include="..\include\npc.h">
      <Filter>Header Files\EntitieStuff</Filter>
    </ClInclude>
    <ClInclude Include="..\include\player.h">
      <Filter>Header Files\EntitieStuff</Filter>
    </ClInclude>
    <ClInclude Include="..\include\armor.h">
      <Filter>Header Files\EntitieStuff\ItemStuff</Filter>
    </ClInclude>
    <ClInclude Include="..\include\item.h">
      <Filter>Header Files\EntitieStuff\ItemStuff</Filter>
    </ClInclude>
    <ClInclude Include="..\include\potion.h">
      <Filter>Header Files\EntitieStuff\ItemStuff</Filter>
    </ClInclude>
    <ClInclude Include="..\include\weapon.h">
      <Filter>Header Files\EntitieStuff\ItemStuff</Filter>
    </ClInclude>
    <ClInclude Include="..\include\asset_loader.h">
      <Filter>Header Files\Window\Assets</Filter>
    </ClInclude>
    <ClInclude Include="..\include\text.h">
      <Filter>Header Files\Window\Assets</Filter>
    </ClInclude>
    <ClInclude Include="..\include\fps.h">
      <Filter>Header Files\Window</Filter>
    </ClInclude>
    <ClInclude Include="..\include\input.h">
      <Filter>Header Files\Window\Controller</Filter>
    </ClInclude>
    <ClInclude Include="..\include\scene_manager.h">
      <Filter>Header Files\Window\Szene</Filter>
    </ClInclude>
    <ClInclude Include="..\include\gameplay.h">
      <Filter>Header Files\Window\Szene</Filter>
    </ClInclude>
    <ClInclude Include="..\include\main_menu.h">
      <Filter>Header Files\Window\Szene</Filter>
    </ClInclude>
    <ClInclude Include="..\include\menu.h">
      <Filter>Header Files\Window\Szene\Menus</Filter>
    </ClInclude>
    <ClInclude Include="..\include\stats_menu.h">
      <Filter>Header Files\Window\Szene\Menus</Filter>
    </ClInclude>
    <ClInclude Include="..\include\tile_map.h">
      <Filter>Header Files\Window\Assets</Filter>
    </ClInclude>
  </ItemGroup>
</Project>